{
    "_readme": [
        "This file locks the dependencies of your project to a known state",
        "Read more about it at https://getcomposer.org/doc/01-basic-usage.md#installing-dependencies",
        "This file is @generated automatically"
    ],
    "content-hash": "1c89078bf8919d574100bd33bd8e94b9",
    "packages": [
        {
            "name": "talmira/envelophp",
            "version": "v2.0.0",
            "source": {
                "type": "git",
                "url": "https://github.com/theahmedlatif/envelophp.git",
                "reference": "35c02515b19f0b3743864d79937e01a5743fd6ef"
            },
            "dist": {
                "type": "zip",
                "url": "https://api.github.com/repos/theahmedlatif/envelophp/zipball/35c02515b19f0b3743864d79937e01a5743fd6ef",
                "reference": "35c02515b19f0b3743864d79937e01a5743fd6ef",
                "shasum": ""
            },
            "require": {
                "ext-pdo": "*",
                "php": ">=5.6"
            },
            "type": "library",
            "autoload": {
                "psr-4": {
                    "Envelope\\": "src/",
                    "Envelope\\Database\\": "config/",
                    "Envelope\\Tests\\Unit\\": "test/"
                }
            },
            "notification-url": "https://packagist.org/downloads/",
            "license": [
                "MIT"
            ],
            "authors": [
                {
                    "name": "theahmedlatif",
                    "email": "ahmed.hlatif@outlook.com"
                }
            ],
            "description": "Parse dotenv file for native php applications",
            "time": "2021-04-27T22:24:06+00:00"
        }
    ],
    "packages-dev": [],
    "aliases": [],
    "minimum-stability": "stable",
    "stability-flags": [],
    "prefer-stable": false,
    "prefer-lowest": false,
    "platform": [],
    "platform-dev": [],
    "plugin-api-version": "1.1.0"
}
